PODS:
  - AFNetworking (4.0.1):
    - AFNetworking/NSURLSession (= 4.0.1)
    - AFNetworking/Reachability (= 4.0.1)
    - AFNetworking/Security (= 4.0.1)
    - AFNetworking/Serialization (= 4.0.1)
    - AFNetworking/UIKit (= 4.0.1)
  - AFNetworking/NSURLSession (4.0.1):
    - AFNetworking/Reachability
    - AFNetworking/Security
    - AFNetworking/Serialization
  - AFNetworking/Reachability (4.0.1)
  - AFNetworking/Security (4.0.1)
  - AFNetworking/Serialization (4.0.1)
  - AFNetworking/UIKit (4.0.1):
    - AFNetworking/NSURLSession
  - Bolts/Tasks (1.9.1)
  - IQKeyboardManager (6.5.5)
  - MKDropdownMenu (1.4)
  - Parse (1.18.0):
    - Parse/Core (= 1.18.0)
  - Parse/Core (1.18.0):
    - Bolts/Tasks (= 1.9.1)
  - Parse/UI (1.18.0):
    - Parse/Core

DEPENDENCIES:
  - AFNetworking
  - IQKeyboardManager
  - MKDropdownMenu
  - Parse
  - Parse/UI

SPEC REPOS:
  trunk:
    - AFNetworking
    - Bolts
    - IQKeyboardManager
    - MKDropdownMenu
    - Parse

SPEC CHECKSUMS:
  AFNetworking: 7864c38297c79aaca1500c33288e429c3451fdce
  Bolts: 8c1e8aab2f603387b8b9924f57d1d64f43d3ffdc
  IQKeyboardManager: 3a8b9e603f8b0eeaf5f096a1f2b2cfcf121992ef
  MKDropdownMenu: 269df4a41d21a1db684ce8bc709befe419fc5bae
  Parse: 79bdda34fdb7eb2a707a43a951c8aae236cb3e34

PODFILE CHECKSUM: 759705131a1f737757674c1f21acef238763d9d4

COCOAPODS: 1.9.3
