// !$*UTF8*$!
{
	archiveVersion = 1;
	classes = {
	};
	objectVersion = 51;
	objects = {

/* Begin PBXBuildFile section */
		045C1E4BFE4E1F674D9468A7 /* Pods_writivistTests.framework in Frameworks */ = {isa = PBXBuildFile; fileRef = CE9B8CCF1C340ACBAAD38E3F /* Pods_writivistTests.framework */; };
		4B09E3A324BF7BA10021F076 /* ComposeViewController.m in Sources */ = {isa = PBXBuildFile; fileRef = 4B09E3A224BF7BA10021F076 /* ComposeViewController.m */; };
		4B09E3A524BF8F4E0021F076 /* download.png in Resources */ = {isa = PBXBuildFile; fileRef = 4B09E3A424BF8F4E0021F076 /* download.png */; };
		4B09E3A824BF92710021F076 /* TemplateCell.m in Sources */ = {isa = PBXBuildFile; fileRef = 4B09E3A724BF92710021F076 /* TemplateCell.m */; };
		4B09E3AB24C01CA70021F076 /* PreviewViewController.m in Sources */ = {isa = PBXBuildFile; fileRef = 4B09E3AA24C01CA70021F076 /* PreviewViewController.m */; };
		4B1489AC24C65E9300269C7E /* EditProfileViewController.m in Sources */ = {isa = PBXBuildFile; fileRef = 4B1489AB24C65E9300269C7E /* EditProfileViewController.m */; };
		4B1CC17724BE4DB7007F9A52 /* Template.m in Sources */ = {isa = PBXBuildFile; fileRef = 4B1CC17624BE4DB7007F9A52 /* Template.m */; };
		4B1CC17A24BE4E68007F9A52 /* User.m in Sources */ = {isa = PBXBuildFile; fileRef = 4B1CC17924BE4E68007F9A52 /* User.m */; };
		4B1CC17D24BE5783007F9A52 /* SignUpViewController.m in Sources */ = {isa = PBXBuildFile; fileRef = 4B1CC17C24BE5783007F9A52 /* SignUpViewController.m */; };
		4B1CC18024BE89DD007F9A52 /* TemplateLibraryViewController.m in Sources */ = {isa = PBXBuildFile; fileRef = 4B1CC17F24BE89DD007F9A52 /* TemplateLibraryViewController.m */; };
		4B1CC18324BEA71E007F9A52 /* CategoryRow.m in Sources */ = {isa = PBXBuildFile; fileRef = 4B1CC18224BEA71E007F9A52 /* CategoryRow.m */; };
		4B6D8C9324C131460042EDC7 /* MyTemplateCell.m in Sources */ = {isa = PBXBuildFile; fileRef = 4B6D8C9224C131460042EDC7 /* MyTemplateCell.m */; };
		4B6D8C9624C202390042EDC7 /* MapViewController.m in Sources */ = {isa = PBXBuildFile; fileRef = 4B6D8C9524C202390042EDC7 /* MapViewController.m */; };
		4B6D8C9924C61AD70042EDC7 /* MapContentViewController.m in Sources */ = {isa = PBXBuildFile; fileRef = 4B6D8C9824C61AD70042EDC7 /* MapContentViewController.m */; };
		4B6D8C9C24C6344C0042EDC7 /* MapContentCell.m in Sources */ = {isa = PBXBuildFile; fileRef = 4B6D8C9B24C6344C0042EDC7 /* MapContentCell.m */; };
		4B7C582624D88AEF005E1460 /* PopupViewController.m in Sources */ = {isa = PBXBuildFile; fileRef = 4B7C582524D88AEF005E1460 /* PopupViewController.m */; };
		4B7C582924D89EBC005E1460 /* Report.m in Sources */ = {isa = PBXBuildFile; fileRef = 4B7C582824D89EBC005E1460 /* Report.m */; };
		4B7CB08524BCC03700AC26DF /* LoginViewController.m in Sources */ = {isa = PBXBuildFile; fileRef = 4B7CB08424BCC03700AC26DF /* LoginViewController.m */; };
		4B83BAC124D0F61600A2E005 /* PrintViewController.m in Sources */ = {isa = PBXBuildFile; fileRef = 4B83BAC024D0F61500A2E005 /* PrintViewController.m */; };
		4B83BAE324D3AB2900A2E005 /* HyLoglnButton.m in Sources */ = {isa = PBXBuildFile; fileRef = 4B83BADC24D3AB2800A2E005 /* HyLoglnButton.m */; };
		4B83BAE424D3AB2900A2E005 /* HyLoginButton.m in Sources */ = {isa = PBXBuildFile; fileRef = 4B83BADD24D3AB2800A2E005 /* HyLoginButton.m */; };
		4B83BAE524D3AB2900A2E005 /* HyTransitions.m in Sources */ = {isa = PBXBuildFile; fileRef = 4B83BADF24D3AB2900A2E005 /* HyTransitions.m */; };
		4B83BAE624D3AB2900A2E005 /* SpinerLayer.m in Sources */ = {isa = PBXBuildFile; fileRef = 4B83BAE024D3AB2900A2E005 /* SpinerLayer.m */; };
		4B83BAE724D3AB2900A2E005 /* HySpinerLayer.m in Sources */ = {isa = PBXBuildFile; fileRef = 4B83BAE124D3AB2900A2E005 /* HySpinerLayer.m */; };
		4B83BAEA24D8707800A2E005 /* SavedViewController.m in Sources */ = {isa = PBXBuildFile; fileRef = 4B83BAE924D8707800A2E005 /* SavedViewController.m */; };
		4BCAD04624CAB77E0007EA6A /* user.png in Resources */ = {isa = PBXBuildFile; fileRef = 4BCAD04524CAB77D0007EA6A /* user.png */; };
		4BCB1DB224BCAF6300BAE96E /* AppDelegate.m in Sources */ = {isa = PBXBuildFile; fileRef = 4BCB1DB124BCAF6300BAE96E /* AppDelegate.m */; };
		4BCB1DB524BCAF6300BAE96E /* SceneDelegate.m in Sources */ = {isa = PBXBuildFile; fileRef = 4BCB1DB424BCAF6300BAE96E /* SceneDelegate.m */; };
		4BCB1DBB24BCAF6300BAE96E /* Main.storyboard in Resources */ = {isa = PBXBuildFile; fileRef = 4BCB1DB924BCAF6300BAE96E /* Main.storyboard */; };
		4BCB1DBD24BCAF6500BAE96E /* Assets.xcassets in Resources */ = {isa = PBXBuildFile; fileRef = 4BCB1DBC24BCAF6500BAE96E /* Assets.xcassets */; };
		4BCB1DC024BCAF6500BAE96E /* LaunchScreen.storyboard in Resources */ = {isa = PBXBuildFile; fileRef = 4BCB1DBE24BCAF6500BAE96E /* LaunchScreen.storyboard */; };
		4BCB1DC324BCAF6500BAE96E /* main.m in Sources */ = {isa = PBXBuildFile; fileRef = 4BCB1DC224BCAF6500BAE96E /* main.m */; };
		4BCB1DCD24BCAF6500BAE96E /* writivistTests.m in Sources */ = {isa = PBXBuildFile; fileRef = 4BCB1DCC24BCAF6500BAE96E /* writivistTests.m */; };
		4BCB1DD824BCAF6500BAE96E /* writivistUITests.m in Sources */ = {isa = PBXBuildFile; fileRef = 4BCB1DD724BCAF6500BAE96E /* writivistUITests.m */; };
		4BCD151B24C7A2BE00B831A4 /* SectionTapper.m in Sources */ = {isa = PBXBuildFile; fileRef = 4BCD151A24C7A2BE00B831A4 /* SectionTapper.m */; };
		4BCD151F24C7A3F100B831A4 /* CategoryViewController.m in Sources */ = {isa = PBXBuildFile; fileRef = 4BCD151E24C7A3F100B831A4 /* CategoryViewController.m */; };
		4BCD152224C7C34A00B831A4 /* InfiniteScrollActivityView.m in Sources */ = {isa = PBXBuildFile; fileRef = 4BCD152124C7C34A00B831A4 /* InfiniteScrollActivityView.m */; };
		4BCD152524C8C41300B831A4 /* SuggestedCell.m in Sources */ = {isa = PBXBuildFile; fileRef = 4BCD152424C8C41300B831A4 /* SuggestedCell.m */; };
		4BCD9B1924C1062500E1BCBD /* ProfileViewController.m in Sources */ = {isa = PBXBuildFile; fileRef = 4BCD9B1824C1062500E1BCBD /* ProfileViewController.m */; };
		4BD44FDD24BCD94200BEE897 /* HomeViewController.m in Sources */ = {isa = PBXBuildFile; fileRef = 4BD44FDC24BCD94200BEE897 /* HomeViewController.m */; };
		4BEA8B2024BCF4EE0041A6C9 /* RepresentativeCell.m in Sources */ = {isa = PBXBuildFile; fileRef = 4BEA8B1F24BCF4EE0041A6C9 /* RepresentativeCell.m */; };
		4BEA8B2324BCFBC30041A6C9 /* Representative.m in Sources */ = {isa = PBXBuildFile; fileRef = 4BEA8B2224BCFBC30041A6C9 /* Representative.m */; };
		4F67EA9B2E78EAACBF41269D /* Pods_writivist.framework in Frameworks */ = {isa = PBXBuildFile; fileRef = 6D2359640AC575CBBB30FBB9 /* Pods_writivist.framework */; };
		AD941507C20A326B014068A8 /* Pods_writivist_writivistUITests.framework in Frameworks */ = {isa = PBXBuildFile; fileRef = 2D37CDD18E86B7514B082E08 /* Pods_writivist_writivistUITests.framework */; };
/* End PBXBuildFile section */

/* Begin PBXContainerItemProxy section */
		4BCB1DC924BCAF6500BAE96E /* PBXContainerItemProxy */ = {
			isa = PBXContainerItemProxy;
			containerPortal = 4BCB1DA524BCAF6300BAE96E /* Project object */;
			proxyType = 1;
			remoteGlobalIDString = 4BCB1DAC24BCAF6300BAE96E;
			remoteInfo = writivist;
		};
		4BCB1DD424BCAF6500BAE96E /* PBXContainerItemProxy */ = {
			isa = PBXContainerItemProxy;
			containerPortal = 4BCB1DA524BCAF6300BAE96E /* Project object */;
			proxyType = 1;
			remoteGlobalIDString = 4BCB1DAC24BCAF6300BAE96E;
			remoteInfo = writivist;
		};
/* End PBXContainerItemProxy section */

/* Begin PBXFileReference section */
		091CD5D0013341656E444C88 /* Pods-writivistTests.debug.xcconfig */ = {isa = PBXFileReference; includeInIndex = 1; lastKnownFileType = text.xcconfig; name = "Pods-writivistTests.debug.xcconfig"; path = "Target Support Files/Pods-writivistTests/Pods-writivistTests.debug.xcconfig"; sourceTree = "<group>"; };
		2D37CDD18E86B7514B082E08 /* Pods_writivist_writivistUITests.framework */ = {isa = PBXFileReference; explicitFileType = wrapper.framework; includeInIndex = 0; path = Pods_writivist_writivistUITests.framework; sourceTree = BUILT_PRODUCTS_DIR; };
		4B09E3A124BF7BA10021F076 /* ComposeViewController.h */ = {isa = PBXFileReference; lastKnownFileType = sourcecode.c.h; path = ComposeViewController.h; sourceTree = "<group>"; };
		4B09E3A224BF7BA10021F076 /* ComposeViewController.m */ = {isa = PBXFileReference; lastKnownFileType = sourcecode.c.objc; path = ComposeViewController.m; sourceTree = "<group>"; };
		4B09E3A424BF8F4E0021F076 /* download.png */ = {isa = PBXFileReference; lastKnownFileType = image.png; name = download.png; path = ../../download.png; sourceTree = "<group>"; };
		4B09E3A624BF92710021F076 /* TemplateCell.h */ = {isa = PBXFileReference; lastKnownFileType = sourcecode.c.h; path = TemplateCell.h; sourceTree = "<group>"; };
		4B09E3A724BF92710021F076 /* TemplateCell.m */ = {isa = PBXFileReference; lastKnownFileType = sourcecode.c.objc; path = TemplateCell.m; sourceTree = "<group>"; };
		4B09E3A924C01CA70021F076 /* PreviewViewController.h */ = {isa = PBXFileReference; lastKnownFileType = sourcecode.c.h; path = PreviewViewController.h; sourceTree = "<group>"; };
		4B09E3AA24C01CA70021F076 /* PreviewViewController.m */ = {isa = PBXFileReference; lastKnownFileType = sourcecode.c.objc; path = PreviewViewController.m; sourceTree = "<group>"; };
		4B1489AA24C65E9300269C7E /* EditProfileViewController.h */ = {isa = PBXFileReference; lastKnownFileType = sourcecode.c.h; path = EditProfileViewController.h; sourceTree = "<group>"; };
		4B1489AB24C65E9300269C7E /* EditProfileViewController.m */ = {isa = PBXFileReference; lastKnownFileType = sourcecode.c.objc; path = EditProfileViewController.m; sourceTree = "<group>"; };
		4B1CC17524BE4DB7007F9A52 /* Template.h */ = {isa = PBXFileReference; lastKnownFileType = sourcecode.c.h; path = Template.h; sourceTree = "<group>"; };
		4B1CC17624BE4DB7007F9A52 /* Template.m */ = {isa = PBXFileReference; lastKnownFileType = sourcecode.c.objc; path = Template.m; sourceTree = "<group>"; };
		4B1CC17824BE4E68007F9A52 /* User.h */ = {isa = PBXFileReference; lastKnownFileType = sourcecode.c.h; path = User.h; sourceTree = "<group>"; };
		4B1CC17924BE4E68007F9A52 /* User.m */ = {isa = PBXFileReference; lastKnownFileType = sourcecode.c.objc; path = User.m; sourceTree = "<group>"; };
		4B1CC17B24BE5783007F9A52 /* SignUpViewController.h */ = {isa = PBXFileReference; lastKnownFileType = sourcecode.c.h; path = SignUpViewController.h; sourceTree = "<group>"; };
		4B1CC17C24BE5783007F9A52 /* SignUpViewController.m */ = {isa = PBXFileReference; lastKnownFileType = sourcecode.c.objc; path = SignUpViewController.m; sourceTree = "<group>"; };
		4B1CC17E24BE89DD007F9A52 /* TemplateLibraryViewController.h */ = {isa = PBXFileReference; lastKnownFileType = sourcecode.c.h; path = TemplateLibraryViewController.h; sourceTree = "<group>"; };
		4B1CC17F24BE89DD007F9A52 /* TemplateLibraryViewController.m */ = {isa = PBXFileReference; lastKnownFileType = sourcecode.c.objc; path = TemplateLibraryViewController.m; sourceTree = "<group>"; };
		4B1CC18124BEA71E007F9A52 /* CategoryRow.h */ = {isa = PBXFileReference; lastKnownFileType = sourcecode.c.h; path = CategoryRow.h; sourceTree = "<group>"; };
		4B1CC18224BEA71E007F9A52 /* CategoryRow.m */ = {isa = PBXFileReference; lastKnownFileType = sourcecode.c.objc; path = CategoryRow.m; sourceTree = "<group>"; };
		4B6D8C9124C131460042EDC7 /* MyTemplateCell.h */ = {isa = PBXFileReference; lastKnownFileType = sourcecode.c.h; path = MyTemplateCell.h; sourceTree = "<group>"; };
		4B6D8C9224C131460042EDC7 /* MyTemplateCell.m */ = {isa = PBXFileReference; lastKnownFileType = sourcecode.c.objc; path = MyTemplateCell.m; sourceTree = "<group>"; };
		4B6D8C9424C202390042EDC7 /* MapViewController.h */ = {isa = PBXFileReference; lastKnownFileType = sourcecode.c.h; path = MapViewController.h; sourceTree = "<group>"; };
		4B6D8C9524C202390042EDC7 /* MapViewController.m */ = {isa = PBXFileReference; lastKnownFileType = sourcecode.c.objc; path = MapViewController.m; sourceTree = "<group>"; };
		4B6D8C9724C61AD70042EDC7 /* MapContentViewController.h */ = {isa = PBXFileReference; lastKnownFileType = sourcecode.c.h; path = MapContentViewController.h; sourceTree = "<group>"; };
		4B6D8C9824C61AD70042EDC7 /* MapContentViewController.m */ = {isa = PBXFileReference; lastKnownFileType = sourcecode.c.objc; path = MapContentViewController.m; sourceTree = "<group>"; };
		4B6D8C9A24C6344C0042EDC7 /* MapContentCell.h */ = {isa = PBXFileReference; lastKnownFileType = sourcecode.c.h; path = MapContentCell.h; sourceTree = "<group>"; };
		4B6D8C9B24C6344C0042EDC7 /* MapContentCell.m */ = {isa = PBXFileReference; lastKnownFileType = sourcecode.c.objc; path = MapContentCell.m; sourceTree = "<group>"; };
		4B7C582424D88AEF005E1460 /* PopupViewController.h */ = {isa = PBXFileReference; lastKnownFileType = sourcecode.c.h; path = PopupViewController.h; sourceTree = "<group>"; };
		4B7C582524D88AEF005E1460 /* PopupViewController.m */ = {isa = PBXFileReference; lastKnownFileType = sourcecode.c.objc; path = PopupViewController.m; sourceTree = "<group>"; };
		4B7C582724D89EBC005E1460 /* Report.h */ = {isa = PBXFileReference; lastKnownFileType = sourcecode.c.h; path = Report.h; sourceTree = "<group>"; };
		4B7C582824D89EBC005E1460 /* Report.m */ = {isa = PBXFileReference; lastKnownFileType = sourcecode.c.objc; path = Report.m; sourceTree = "<group>"; };
		4B7CB08324BCC03700AC26DF /* LoginViewController.h */ = {isa = PBXFileReference; lastKnownFileType = sourcecode.c.h; path = LoginViewController.h; sourceTree = "<group>"; };
		4B7CB08424BCC03700AC26DF /* LoginViewController.m */ = {isa = PBXFileReference; lastKnownFileType = sourcecode.c.objc; path = LoginViewController.m; sourceTree = "<group>"; };
		4B83BABF24D0F61500A2E005 /* PrintViewController.h */ = {isa = PBXFileReference; lastKnownFileType = sourcecode.c.h; path = PrintViewController.h; sourceTree = "<group>"; };
		4B83BAC024D0F61500A2E005 /* PrintViewController.m */ = {isa = PBXFileReference; lastKnownFileType = sourcecode.c.objc; path = PrintViewController.m; sourceTree = "<group>"; };
		4B83BAD924D3AB2800A2E005 /* HyLoginButton.h */ = {isa = PBXFileReference; fileEncoding = 4; lastKnownFileType = sourcecode.c.h; name = HyLoginButton.h; path = "../../../HySubmitTransitionObjective-C-master/HyLoginButton.h"; sourceTree = "<group>"; };
		4B83BADA24D3AB2800A2E005 /* HySpinerLayer.h */ = {isa = PBXFileReference; fileEncoding = 4; lastKnownFileType = sourcecode.c.h; name = HySpinerLayer.h; path = "../../../HySubmitTransitionObjective-C-master/HySpinerLayer.h"; sourceTree = "<group>"; };
		4B83BADB24D3AB2800A2E005 /* HyLoglnButton.h */ = {isa = PBXFileReference; fileEncoding = 4; lastKnownFileType = sourcecode.c.h; name = HyLoglnButton.h; path = "../../../HySubmitTransitionObjective-C-master/HyLoglnButton.h"; sourceTree = "<group>"; };
		4B83BADC24D3AB2800A2E005 /* HyLoglnButton.m */ = {isa = PBXFileReference; fileEncoding = 4; lastKnownFileType = sourcecode.c.objc; name = HyLoglnButton.m; path = "../../../HySubmitTransitionObjective-C-master/HyLoglnButton.m"; sourceTree = "<group>"; };
		4B83BADD24D3AB2800A2E005 /* HyLoginButton.m */ = {isa = PBXFileReference; fileEncoding = 4; lastKnownFileType = sourcecode.c.objc; name = HyLoginButton.m; path = "../../../HySubmitTransitionObjective-C-master/HyLoginButton.m"; sourceTree = "<group>"; };
		4B83BADE24D3AB2800A2E005 /* HyTransitions.h */ = {isa = PBXFileReference; fileEncoding = 4; lastKnownFileType = sourcecode.c.h; name = HyTransitions.h; path = "../../../HySubmitTransitionObjective-C-master/HyTransitions.h"; sourceTree = "<group>"; };
		4B83BADF24D3AB2900A2E005 /* HyTransitions.m */ = {isa = PBXFileReference; fileEncoding = 4; lastKnownFileType = sourcecode.c.objc; name = HyTransitions.m; path = "../../../HySubmitTransitionObjective-C-master/HyTransitions.m"; sourceTree = "<group>"; };
		4B83BAE024D3AB2900A2E005 /* SpinerLayer.m */ = {isa = PBXFileReference; fileEncoding = 4; lastKnownFileType = sourcecode.c.objc; name = SpinerLayer.m; path = "../../../HySubmitTransitionObjective-C-master/SpinerLayer.m"; sourceTree = "<group>"; };
		4B83BAE124D3AB2900A2E005 /* HySpinerLayer.m */ = {isa = PBXFileReference; fileEncoding = 4; lastKnownFileType = sourcecode.c.objc; name = HySpinerLayer.m; path = "../../../HySubmitTransitionObjective-C-master/HySpinerLayer.m"; sourceTree = "<group>"; };
		4B83BAE224D3AB2900A2E005 /* SpinerLayer.h */ = {isa = PBXFileReference; fileEncoding = 4; lastKnownFileType = sourcecode.c.h; name = SpinerLayer.h; path = "../../../HySubmitTransitionObjective-C-master/SpinerLayer.h"; sourceTree = "<group>"; };
		4B83BAE824D8707800A2E005 /* SavedViewController.h */ = {isa = PBXFileReference; lastKnownFileType = sourcecode.c.h; path = SavedViewController.h; sourceTree = "<group>"; };
		4B83BAE924D8707800A2E005 /* SavedViewController.m */ = {isa = PBXFileReference; lastKnownFileType = sourcecode.c.objc; path = SavedViewController.m; sourceTree = "<group>"; };
		4BCAD04524CAB77D0007EA6A /* user.png */ = {isa = PBXFileReference; lastKnownFileType = image.png; name = user.png; path = ../../user.png; sourceTree = "<group>"; };
		4BCB1DAD24BCAF6300BAE96E /* writivist.app */ = {isa = PBXFileReference; explicitFileType = wrapper.application; includeInIndex = 0; path = writivist.app; sourceTree = BUILT_PRODUCTS_DIR; };
		4BCB1DB024BCAF6300BAE96E /* AppDelegate.h */ = {isa = PBXFileReference; lastKnownFileType = sourcecode.c.h; path = AppDelegate.h; sourceTree = "<group>"; };
		4BCB1DB124BCAF6300BAE96E /* AppDelegate.m */ = {isa = PBXFileReference; lastKnownFileType = sourcecode.c.objc; path = AppDelegate.m; sourceTree = "<group>"; };
		4BCB1DB324BCAF6300BAE96E /* SceneDelegate.h */ = {isa = PBXFileReference; lastKnownFileType = sourcecode.c.h; path = SceneDelegate.h; sourceTree = "<group>"; };
		4BCB1DB424BCAF6300BAE96E /* SceneDelegate.m */ = {isa = PBXFileReference; lastKnownFileType = sourcecode.c.objc; path = SceneDelegate.m; sourceTree = "<group>"; };
		4BCB1DBA24BCAF6300BAE96E /* Base */ = {isa = PBXFileReference; lastKnownFileType = file.storyboard; name = Base; path = Base.lproj/Main.storyboard; sourceTree = "<group>"; };
		4BCB1DBC24BCAF6500BAE96E /* Assets.xcassets */ = {isa = PBXFileReference; lastKnownFileType = folder.assetcatalog; path = Assets.xcassets; sourceTree = "<group>"; };
		4BCB1DBF24BCAF6500BAE96E /* Base */ = {isa = PBXFileReference; lastKnownFileType = file.storyboard; name = Base; path = Base.lproj/LaunchScreen.storyboard; sourceTree = "<group>"; };
		4BCB1DC124BCAF6500BAE96E /* Info.plist */ = {isa = PBXFileReference; lastKnownFileType = text.plist.xml; path = Info.plist; sourceTree = "<group>"; };
		4BCB1DC224BCAF6500BAE96E /* main.m */ = {isa = PBXFileReference; lastKnownFileType = sourcecode.c.objc; path = main.m; sourceTree = "<group>"; };
		4BCB1DC824BCAF6500BAE96E /* writivistTests.xctest */ = {isa = PBXFileReference; explicitFileType = wrapper.cfbundle; includeInIndex = 0; path = writivistTests.xctest; sourceTree = BUILT_PRODUCTS_DIR; };
		4BCB1DCC24BCAF6500BAE96E /* writivistTests.m */ = {isa = PBXFileReference; lastKnownFileType = sourcecode.c.objc; path = writivistTests.m; sourceTree = "<group>"; };
		4BCB1DCE24BCAF6500BAE96E /* Info.plist */ = {isa = PBXFileReference; lastKnownFileType = text.plist.xml; path = Info.plist; sourceTree = "<group>"; };
		4BCB1DD324BCAF6500BAE96E /* writivistUITests.xctest */ = {isa = PBXFileReference; explicitFileType = wrapper.cfbundle; includeInIndex = 0; path = writivistUITests.xctest; sourceTree = BUILT_PRODUCTS_DIR; };
		4BCB1DD724BCAF6500BAE96E /* writivistUITests.m */ = {isa = PBXFileReference; lastKnownFileType = sourcecode.c.objc; path = writivistUITests.m; sourceTree = "<group>"; };
		4BCB1DD924BCAF6500BAE96E /* Info.plist */ = {isa = PBXFileReference; lastKnownFileType = text.plist.xml; path = Info.plist; sourceTree = "<group>"; };
		4BCD151924C7A2BE00B831A4 /* SectionTapper.h */ = {isa = PBXFileReference; lastKnownFileType = sourcecode.c.h; path = SectionTapper.h; sourceTree = "<group>"; };
		4BCD151A24C7A2BE00B831A4 /* SectionTapper.m */ = {isa = PBXFileReference; lastKnownFileType = sourcecode.c.objc; path = SectionTapper.m; sourceTree = "<group>"; };
		4BCD151D24C7A3F100B831A4 /* CategoryViewController.h */ = {isa = PBXFileReference; lastKnownFileType = sourcecode.c.h; path = CategoryViewController.h; sourceTree = "<group>"; };
		4BCD151E24C7A3F100B831A4 /* CategoryViewController.m */ = {isa = PBXFileReference; lastKnownFileType = sourcecode.c.objc; path = CategoryViewController.m; sourceTree = "<group>"; };
		4BCD152024C7C34A00B831A4 /* InfiniteScrollActivityView.h */ = {isa = PBXFileReference; lastKnownFileType = sourcecode.c.h; path = InfiniteScrollActivityView.h; sourceTree = "<group>"; };
		4BCD152124C7C34A00B831A4 /* InfiniteScrollActivityView.m */ = {isa = PBXFileReference; lastKnownFileType = sourcecode.c.objc; path = InfiniteScrollActivityView.m; sourceTree = "<group>"; };
		4BCD152324C8C41300B831A4 /* SuggestedCell.h */ = {isa = PBXFileReference; lastKnownFileType = sourcecode.c.h; path = SuggestedCell.h; sourceTree = "<group>"; };
		4BCD152424C8C41300B831A4 /* SuggestedCell.m */ = {isa = PBXFileReference; lastKnownFileType = sourcecode.c.objc; path = SuggestedCell.m; sourceTree = "<group>"; };
		4BCD9B1724C1062500E1BCBD /* ProfileViewController.h */ = {isa = PBXFileReference; lastKnownFileType = sourcecode.c.h; path = ProfileViewController.h; sourceTree = "<group>"; };
		4BCD9B1824C1062500E1BCBD /* ProfileViewController.m */ = {isa = PBXFileReference; lastKnownFileType = sourcecode.c.objc; path = ProfileViewController.m; sourceTree = "<group>"; };
		4BD44FDB24BCD94200BEE897 /* HomeViewController.h */ = {isa = PBXFileReference; lastKnownFileType = sourcecode.c.h; path = HomeViewController.h; sourceTree = "<group>"; };
		4BD44FDC24BCD94200BEE897 /* HomeViewController.m */ = {isa = PBXFileReference; lastKnownFileType = sourcecode.c.objc; path = HomeViewController.m; sourceTree = "<group>"; };
		4BEA8B1E24BCF4EE0041A6C9 /* RepresentativeCell.h */ = {isa = PBXFileReference; lastKnownFileType = sourcecode.c.h; path = RepresentativeCell.h; sourceTree = "<group>"; };
		4BEA8B1F24BCF4EE0041A6C9 /* RepresentativeCell.m */ = {isa = PBXFileReference; lastKnownFileType = sourcecode.c.objc; path = RepresentativeCell.m; sourceTree = "<group>"; };
		4BEA8B2124BCFBC30041A6C9 /* Representative.h */ = {isa = PBXFileReference; lastKnownFileType = sourcecode.c.h; path = Representative.h; sourceTree = "<group>"; };
		4BEA8B2224BCFBC30041A6C9 /* Representative.m */ = {isa = PBXFileReference; lastKnownFileType = sourcecode.c.objc; path = Representative.m; sourceTree = "<group>"; };
		65817863549E4707641D708E /* Pods-writivistTests.release.xcconfig */ = {isa = PBXFileReference; includeInIndex = 1; lastKnownFileType = text.xcconfig; name = "Pods-writivistTests.release.xcconfig"; path = "Target Support Files/Pods-writivistTests/Pods-writivistTests.release.xcconfig"; sourceTree = "<group>"; };
		6D2359640AC575CBBB30FBB9 /* Pods_writivist.framework */ = {isa = PBXFileReference; explicitFileType = wrapper.framework; includeInIndex = 0; path = Pods_writivist.framework; sourceTree = BUILT_PRODUCTS_DIR; };
		702DB8F2C526BC7BDE4D1703 /* Pods-writivist.release.xcconfig */ = {isa = PBXFileReference; includeInIndex = 1; lastKnownFileType = text.xcconfig; name = "Pods-writivist.release.xcconfig"; path = "Target Support Files/Pods-writivist/Pods-writivist.release.xcconfig"; sourceTree = "<group>"; };
		7CCD6A33788E9111712F6970 /* Pods-writivist.debug.xcconfig */ = {isa = PBXFileReference; includeInIndex = 1; lastKnownFileType = text.xcconfig; name = "Pods-writivist.debug.xcconfig"; path = "Target Support Files/Pods-writivist/Pods-writivist.debug.xcconfig"; sourceTree = "<group>"; };
		A6F0C52145996FEDA5D90959 /* Pods-writivist-writivistUITests.debug.xcconfig */ = {isa = PBXFileReference; includeInIndex = 1; lastKnownFileType = text.xcconfig; name = "Pods-writivist-writivistUITests.debug.xcconfig"; path = "Target Support Files/Pods-writivist-writivistUITests/Pods-writivist-writivistUITests.debug.xcconfig"; sourceTree = "<group>"; };
		CE9B8CCF1C340ACBAAD38E3F /* Pods_writivistTests.framework */ = {isa = PBXFileReference; explicitFileType = wrapper.framework; includeInIndex = 0; path = Pods_writivistTests.framework; sourceTree = BUILT_PRODUCTS_DIR; };
		D2AB7332DDC0D77115189EC1 /* Pods-writivist-writivistUITests.release.xcconfig */ = {isa = PBXFileReference; includeInIndex = 1; lastKnownFileType = text.xcconfig; name = "Pods-writivist-writivistUITests.release.xcconfig"; path = "Target Support Files/Pods-writivist-writivistUITests/Pods-writivist-writivistUITests.release.xcconfig"; sourceTree = "<group>"; };
/* End PBXFileReference section */

/* Begin PBXFrameworksBuildPhase section */
		4BCB1DAA24BCAF6300BAE96E /* Frameworks */ = {
			isa = PBXFrameworksBuildPhase;
			buildActionMask = 2147483647;
			files = (
				4F67EA9B2E78EAACBF41269D /* Pods_writivist.framework in Frameworks */,
			);
			runOnlyForDeploymentPostprocessing = 0;
		};
		4BCB1DC524BCAF6500BAE96E /* Frameworks */ = {
			isa = PBXFrameworksBuildPhase;
			buildActionMask = 2147483647;
			files = (
				045C1E4BFE4E1F674D9468A7 /* Pods_writivistTests.framework in Frameworks */,
			);
			runOnlyForDeploymentPostprocessing = 0;
		};
		4BCB1DD024BCAF6500BAE96E /* Frameworks */ = {
			isa = PBXFrameworksBuildPhase;
			buildActionMask = 2147483647;
			files = (
				AD941507C20A326B014068A8 /* Pods_writivist_writivistUITests.framework in Frameworks */,
			);
			runOnlyForDeploymentPostprocessing = 0;
		};
/* End PBXFrameworksBuildPhase section */

/* Begin PBXGroup section */
		042719C52C9D624E08F0ED2C /* Frameworks */ = {
			isa = PBXGroup;
			children = (
				6D2359640AC575CBBB30FBB9 /* Pods_writivist.framework */,
				2D37CDD18E86B7514B082E08 /* Pods_writivist_writivistUITests.framework */,
				CE9B8CCF1C340ACBAAD38E3F /* Pods_writivistTests.framework */,
			);
			name = Frameworks;
			sourceTree = "<group>";
		};
		4B7CB08224BCC02000AC26DF /* View Controllers */ = {
			isa = PBXGroup;
			children = (
				4B7CB08324BCC03700AC26DF /* LoginViewController.h */,
				4B7CB08424BCC03700AC26DF /* LoginViewController.m */,
				4BD44FDB24BCD94200BEE897 /* HomeViewController.h */,
				4BD44FDC24BCD94200BEE897 /* HomeViewController.m */,
				4B1CC17B24BE5783007F9A52 /* SignUpViewController.h */,
				4B1CC17C24BE5783007F9A52 /* SignUpViewController.m */,
				4B1CC17E24BE89DD007F9A52 /* TemplateLibraryViewController.h */,
				4B1CC17F24BE89DD007F9A52 /* TemplateLibraryViewController.m */,
				4B09E3A124BF7BA10021F076 /* ComposeViewController.h */,
				4B09E3A224BF7BA10021F076 /* ComposeViewController.m */,
				4B09E3A924C01CA70021F076 /* PreviewViewController.h */,
				4B09E3AA24C01CA70021F076 /* PreviewViewController.m */,
				4BCD9B1724C1062500E1BCBD /* ProfileViewController.h */,
				4BCD9B1824C1062500E1BCBD /* ProfileViewController.m */,
				4B6D8C9424C202390042EDC7 /* MapViewController.h */,
				4B6D8C9524C202390042EDC7 /* MapViewController.m */,
				4B6D8C9724C61AD70042EDC7 /* MapContentViewController.h */,
				4B6D8C9824C61AD70042EDC7 /* MapContentViewController.m */,
				4B1489AA24C65E9300269C7E /* EditProfileViewController.h */,
				4B1489AB24C65E9300269C7E /* EditProfileViewController.m */,
				4BCD151D24C7A3F100B831A4 /* CategoryViewController.h */,
				4BCD151E24C7A3F100B831A4 /* CategoryViewController.m */,
				4B83BABF24D0F61500A2E005 /* PrintViewController.h */,
				4B83BAC024D0F61500A2E005 /* PrintViewController.m */,
				4B83BAE824D8707800A2E005 /* SavedViewController.h */,
				4B83BAE924D8707800A2E005 /* SavedViewController.m */,
				4B7C582424D88AEF005E1460 /* PopupViewController.h */,
				4B7C582524D88AEF005E1460 /* PopupViewController.m */,
			);
			path = "View Controllers";
			sourceTree = "<group>";
		};
		4BCB1DA424BCAF6300BAE96E = {
			isa = PBXGroup;
			children = (
				4BCB1DAF24BCAF6300BAE96E /* writivist */,
				4BCB1DCB24BCAF6500BAE96E /* writivistTests */,
				4BCB1DD624BCAF6500BAE96E /* writivistUITests */,
				4BCB1DAE24BCAF6300BAE96E /* Products */,
				DE801E966CBBCD385B7C40E2 /* Pods */,
				042719C52C9D624E08F0ED2C /* Frameworks */,
			);
			sourceTree = "<group>";
		};
		4BCB1DAE24BCAF6300BAE96E /* Products */ = {
			isa = PBXGroup;
			children = (
				4BCB1DAD24BCAF6300BAE96E /* writivist.app */,
				4BCB1DC824BCAF6500BAE96E /* writivistTests.xctest */,
				4BCB1DD324BCAF6500BAE96E /* writivistUITests.xctest */,
			);
			name = Products;
			sourceTree = "<group>";
		};
		4BCB1DAF24BCAF6300BAE96E /* writivist */ = {
			isa = PBXGroup;
			children = (
				4BCD151C24C7A37700B831A4 /* Utilities */,
				4BEA8B2424BCFBCD0041A6C9 /* Objects */,
				4BD44FE024BCE32700BEE897 /* Cells */,
				4B7CB08224BCC02000AC26DF /* View Controllers */,
				4BCB1DB024BCAF6300BAE96E /* AppDelegate.h */,
				4BCB1DB124BCAF6300BAE96E /* AppDelegate.m */,
				4BCB1DB324BCAF6300BAE96E /* SceneDelegate.h */,
				4BCB1DB424BCAF6300BAE96E /* SceneDelegate.m */,
				4BCB1DB924BCAF6300BAE96E /* Main.storyboard */,
				4B09E3A424BF8F4E0021F076 /* download.png */,
				4BCAD04524CAB77D0007EA6A /* user.png */,
				4BCB1DBC24BCAF6500BAE96E /* Assets.xcassets */,
				4BCB1DBE24BCAF6500BAE96E /* LaunchScreen.storyboard */,
				4BCB1DC124BCAF6500BAE96E /* Info.plist */,
				4BCB1DC224BCAF6500BAE96E /* main.m */,
			);
			path = writivist;
			sourceTree = "<group>";
		};
		4BCB1DCB24BCAF6500BAE96E /* writivistTests */ = {
			isa = PBXGroup;
			children = (
				4BCB1DCC24BCAF6500BAE96E /* writivistTests.m */,
				4BCB1DCE24BCAF6500BAE96E /* Info.plist */,
			);
			path = writivistTests;
			sourceTree = "<group>";
		};
		4BCB1DD624BCAF6500BAE96E /* writivistUITests */ = {
			isa = PBXGroup;
			children = (
				4BCB1DD724BCAF6500BAE96E /* writivistUITests.m */,
				4BCB1DD924BCAF6500BAE96E /* Info.plist */,
			);
			path = writivistUITests;
			sourceTree = "<group>";
		};
		4BCD151C24C7A37700B831A4 /* Utilities */ = {
			isa = PBXGroup;
			children = (
				4B83BAD924D3AB2800A2E005 /* HyLoginButton.h */,
				4B83BADD24D3AB2800A2E005 /* HyLoginButton.m */,
				4B83BADB24D3AB2800A2E005 /* HyLoglnButton.h */,
				4B83BADC24D3AB2800A2E005 /* HyLoglnButton.m */,
				4B83BADA24D3AB2800A2E005 /* HySpinerLayer.h */,
				4B83BAE124D3AB2900A2E005 /* HySpinerLayer.m */,
				4B83BADE24D3AB2800A2E005 /* HyTransitions.h */,
				4B83BADF24D3AB2900A2E005 /* HyTransitions.m */,
				4B83BAE224D3AB2900A2E005 /* SpinerLayer.h */,
				4B83BAE024D3AB2900A2E005 /* SpinerLayer.m */,
				4BCD151924C7A2BE00B831A4 /* SectionTapper.h */,
				4BCD151A24C7A2BE00B831A4 /* SectionTapper.m */,
				4BCD152024C7C34A00B831A4 /* InfiniteScrollActivityView.h */,
				4BCD152124C7C34A00B831A4 /* InfiniteScrollActivityView.m */,
			);
			path = Utilities;
			sourceTree = "<group>";
		};
		4BD44FE024BCE32700BEE897 /* Cells */ = {
			isa = PBXGroup;
			children = (
				4BEA8B1E24BCF4EE0041A6C9 /* RepresentativeCell.h */,
				4BEA8B1F24BCF4EE0041A6C9 /* RepresentativeCell.m */,
				4B1CC18124BEA71E007F9A52 /* CategoryRow.h */,
				4B1CC18224BEA71E007F9A52 /* CategoryRow.m */,
				4B09E3A624BF92710021F076 /* TemplateCell.h */,
				4B09E3A724BF92710021F076 /* TemplateCell.m */,
				4B6D8C9124C131460042EDC7 /* MyTemplateCell.h */,
				4B6D8C9224C131460042EDC7 /* MyTemplateCell.m */,
				4B6D8C9A24C6344C0042EDC7 /* MapContentCell.h */,
				4B6D8C9B24C6344C0042EDC7 /* MapContentCell.m */,
				4BCD152324C8C41300B831A4 /* SuggestedCell.h */,
				4BCD152424C8C41300B831A4 /* SuggestedCell.m */,
			);
			path = Cells;
			sourceTree = "<group>";
		};
		4BEA8B2424BCFBCD0041A6C9 /* Objects */ = {
			isa = PBXGroup;
			children = (
				4BEA8B2124BCFBC30041A6C9 /* Representative.h */,
				4BEA8B2224BCFBC30041A6C9 /* Representative.m */,
				4B1CC17524BE4DB7007F9A52 /* Template.h */,
				4B1CC17624BE4DB7007F9A52 /* Template.m */,
				4B1CC17824BE4E68007F9A52 /* User.h */,
				4B1CC17924BE4E68007F9A52 /* User.m */,
				4B7C582724D89EBC005E1460 /* Report.h */,
				4B7C582824D89EBC005E1460 /* Report.m */,
			);
			path = Objects;
			sourceTree = "<group>";
		};
		DE801E966CBBCD385B7C40E2 /* Pods */ = {
			isa = PBXGroup;
			children = (
				7CCD6A33788E9111712F6970 /* Pods-writivist.debug.xcconfig */,
				702DB8F2C526BC7BDE4D1703 /* Pods-writivist.release.xcconfig */,
				A6F0C52145996FEDA5D90959 /* Pods-writivist-writivistUITests.debug.xcconfig */,
				D2AB7332DDC0D77115189EC1 /* Pods-writivist-writivistUITests.release.xcconfig */,
				091CD5D0013341656E444C88 /* Pods-writivistTests.debug.xcconfig */,
				65817863549E4707641D708E /* Pods-writivistTests.release.xcconfig */,
			);
			path = Pods;
			sourceTree = "<group>";
		};
/* End PBXGroup section */

/* Begin PBXNativeTarget section */
		4BCB1DAC24BCAF6300BAE96E /* writivist */ = {
			isa = PBXNativeTarget;
			buildConfigurationList = 4BCB1DDC24BCAF6500BAE96E /* Build configuration list for PBXNativeTarget "writivist" */;
			buildPhases = (
				3F749E61BBF134EDE49C334C /* [CP] Check Pods Manifest.lock */,
				4BCB1DA924BCAF6300BAE96E /* Sources */,
				4BCB1DAA24BCAF6300BAE96E /* Frameworks */,
				4BCB1DAB24BCAF6300BAE96E /* Resources */,
				3344D95FD29A231387C20FB1 /* [CP] Embed Pods Frameworks */,
				2850402A4F0C2BF94A02FC5E /* [CP] Copy Pods Resources */,
			);
			buildRules = (
			);
			dependencies = (
			);
			name = writivist;
			productName = writivist;
			productReference = 4BCB1DAD24BCAF6300BAE96E /* writivist.app */;
			productType = "com.apple.product-type.application";
		};
		4BCB1DC724BCAF6500BAE96E /* writivistTests */ = {
			isa = PBXNativeTarget;
			buildConfigurationList = 4BCB1DDF24BCAF6500BAE96E /* Build configuration list for PBXNativeTarget "writivistTests" */;
			buildPhases = (
				3541A419467AD6CFCE991FF4 /* [CP] Check Pods Manifest.lock */,
				4BCB1DC424BCAF6500BAE96E /* Sources */,
				4BCB1DC524BCAF6500BAE96E /* Frameworks */,
				4BCB1DC624BCAF6500BAE96E /* Resources */,
			);
			buildRules = (
			);
			dependencies = (
				4BCB1DCA24BCAF6500BAE96E /* PBXTargetDependency */,
			);
			name = writivistTests;
			productName = writivistTests;
			productReference = 4BCB1DC824BCAF6500BAE96E /* writivistTests.xctest */;
			productType = "com.apple.product-type.bundle.unit-test";
		};
		4BCB1DD224BCAF6500BAE96E /* writivistUITests */ = {
			isa = PBXNativeTarget;
			buildConfigurationList = 4BCB1DE224BCAF6500BAE96E /* Build configuration list for PBXNativeTarget "writivistUITests" */;
			buildPhases = (
				CA011810D32A0CCE93F5C247 /* [CP] Check Pods Manifest.lock */,
				4BCB1DCF24BCAF6500BAE96E /* Sources */,
				4BCB1DD024BCAF6500BAE96E /* Frameworks */,
				4BCB1DD124BCAF6500BAE96E /* Resources */,
				9B73BA064DBC58E1A5F45D62 /* [CP] Embed Pods Frameworks */,
				F324A7EC4F46A3AF2A14360D /* [CP] Copy Pods Resources */,
			);
			buildRules = (
			);
			dependencies = (
				4BCB1DD524BCAF6500BAE96E /* PBXTargetDependency */,
			);
			name = writivistUITests;
			productName = writivistUITests;
			productReference = 4BCB1DD324BCAF6500BAE96E /* writivistUITests.xctest */;
			productType = "com.apple.product-type.bundle.ui-testing";
		};
/* End PBXNativeTarget section */

/* Begin PBXProject section */
		4BCB1DA524BCAF6300BAE96E /* Project object */ = {
			isa = PBXProject;
			attributes = {
				LastUpgradeCheck = 1150;
				ORGANIZATIONNAME = dkaviani;
				TargetAttributes = {
					4BCB1DAC24BCAF6300BAE96E = {
						CreatedOnToolsVersion = 11.5;
					};
					4BCB1DC724BCAF6500BAE96E = {
						CreatedOnToolsVersion = 11.5;
						TestTargetID = 4BCB1DAC24BCAF6300BAE96E;
					};
					4BCB1DD224BCAF6500BAE96E = {
						CreatedOnToolsVersion = 11.5;
						TestTargetID = 4BCB1DAC24BCAF6300BAE96E;
					};
				};
			};
			buildConfigurationList = 4BCB1DA824BCAF6300BAE96E /* Build configuration list for PBXProject "writivist" */;
			compatibilityVersion = "Xcode 9.3";
			developmentRegion = en;
			hasScannedForEncodings = 0;
			knownRegions = (
				en,
				Base,
			);
			mainGroup = 4BCB1DA424BCAF6300BAE96E;
			productRefGroup = 4BCB1DAE24BCAF6300BAE96E /* Products */;
			projectDirPath = "";
			projectRoot = "";
			targets = (
				4BCB1DAC24BCAF6300BAE96E /* writivist */,
				4BCB1DC724BCAF6500BAE96E /* writivistTests */,
				4BCB1DD224BCAF6500BAE96E /* writivistUITests */,
			);
		};
/* End PBXProject section */

/* Begin PBXResourcesBuildPhase section */
		4BCB1DAB24BCAF6300BAE96E /* Resources */ = {
			isa = PBXResourcesBuildPhase;
			buildActionMask = 2147483647;
			files = (
				4BCB1DC024BCAF6500BAE96E /* LaunchScreen.storyboard in Resources */,
				4BCAD04624CAB77E0007EA6A /* user.png in Resources */,
				4B09E3A524BF8F4E0021F076 /* download.png in Resources */,
				4BCB1DBD24BCAF6500BAE96E /* Assets.xcassets in Resources */,
				4BCB1DBB24BCAF6300BAE96E /* Main.storyboard in Resources */,
			);
			runOnlyForDeploymentPostprocessing = 0;
		};
		4BCB1DC624BCAF6500BAE96E /* Resources */ = {
			isa = PBXResourcesBuildPhase;
			buildActionMask = 2147483647;
			files = (
			);
			runOnlyForDeploymentPostprocessing = 0;
		};
		4BCB1DD124BCAF6500BAE96E /* Resources */ = {
			isa = PBXResourcesBuildPhase;
			buildActionMask = 2147483647;
			files = (
			);
			runOnlyForDeploymentPostprocessing = 0;
		};
/* End PBXResourcesBuildPhase section */

/* Begin PBXShellScriptBuildPhase section */
		2850402A4F0C2BF94A02FC5E /* [CP] Copy Pods Resources */ = {
			isa = PBXShellScriptBuildPhase;
			buildActionMask = 2147483647;
			files = (
			);
			inputFileListPaths = (
				"${PODS_ROOT}/Target Support Files/Pods-writivist/Pods-writivist-resources-${CONFIGURATION}-input-files.xcfilelist",
			);
			name = "[CP] Copy Pods Resources";
			outputFileListPaths = (
				"${PODS_ROOT}/Target Support Files/Pods-writivist/Pods-writivist-resources-${CONFIGURATION}-output-files.xcfilelist",
			);
			runOnlyForDeploymentPostprocessing = 0;
			shellPath = /bin/sh;
			shellScript = "\"${PODS_ROOT}/Target Support Files/Pods-writivist/Pods-writivist-resources.sh\"\n";
			showEnvVarsInLog = 0;
		};
		3344D95FD29A231387C20FB1 /* [CP] Embed Pods Frameworks */ = {
			isa = PBXShellScriptBuildPhase;
			buildActionMask = 2147483647;
			files = (
			);
			inputFileListPaths = (
				"${PODS_ROOT}/Target Support Files/Pods-writivist/Pods-writivist-frameworks-${CONFIGURATION}-input-files.xcfilelist",
			);
			name = "[CP] Embed Pods Frameworks";
			outputFileListPaths = (
				"${PODS_ROOT}/Target Support Files/Pods-writivist/Pods-writivist-frameworks-${CONFIGURATION}-output-files.xcfilelist",
			);
			runOnlyForDeploymentPostprocessing = 0;
			shellPath = /bin/sh;
			shellScript = "\"${PODS_ROOT}/Target Support Files/Pods-writivist/Pods-writivist-frameworks.sh\"\n";
			showEnvVarsInLog = 0;
		};
		3541A419467AD6CFCE991FF4 /* [CP] Check Pods Manifest.lock */ = {
			isa = PBXShellScriptBuildPhase;
			buildActionMask = 2147483647;
			files = (
			);
			inputFileListPaths = (
			);
			inputPaths = (
				"${PODS_PODFILE_DIR_PATH}/Podfile.lock",
				"${PODS_ROOT}/Manifest.lock",
			);
			name = "[CP] Check Pods Manifest.lock";
			outputFileListPaths = (
			);
			outputPaths = (
				"$(DERIVED_FILE_DIR)/Pods-writivistTests-checkManifestLockResult.txt",
			);
			runOnlyForDeploymentPostprocessing = 0;
			shellPath = /bin/sh;
			shellScript = "diff \"${PODS_PODFILE_DIR_PATH}/Podfile.lock\" \"${PODS_ROOT}/Manifest.lock\" > /dev/null\nif [ $? != 0 ] ; then\n    # print error to STDERR\n    echo \"error: The sandbox is not in sync with the Podfile.lock. Run 'pod install' or update your CocoaPods installation.\" >&2\n    exit 1\nfi\n# This output is used by Xcode 'outputs' to avoid re-running this script phase.\necho \"SUCCESS\" > \"${SCRIPT_OUTPUT_FILE_0}\"\n";
			showEnvVarsInLog = 0;
		};
		3F749E61BBF134EDE49C334C /* [CP] Check Pods Manifest.lock */ = {
			isa = PBXShellScriptBuildPhase;
			buildActionMask = 2147483647;
			files = (
			);
			inputFileListPaths = (
			);
			inputPaths = (
				"${PODS_PODFILE_DIR_PATH}/Podfile.lock",
				"${PODS_ROOT}/Manifest.lock",
			);
			name = "[CP] Check Pods Manifest.lock";
			outputFileListPaths = (
			);
			outputPaths = (
				"$(DERIVED_FILE_DIR)/Pods-writivist-checkManifestLockResult.txt",
			);
			runOnlyForDeploymentPostprocessing = 0;
			shellPath = /bin/sh;
			shellScript = "diff \"${PODS_PODFILE_DIR_PATH}/Podfile.lock\" \"${PODS_ROOT}/Manifest.lock\" > /dev/null\nif [ $? != 0 ] ; then\n    # print error to STDERR\n    echo \"error: The sandbox is not in sync with the Podfile.lock. Run 'pod install' or update your CocoaPods installation.\" >&2\n    exit 1\nfi\n# This output is used by Xcode 'outputs' to avoid re-running this script phase.\necho \"SUCCESS\" > \"${SCRIPT_OUTPUT_FILE_0}\"\n";
			showEnvVarsInLog = 0;
		};
		9B73BA064DBC58E1A5F45D62 /* [CP] Embed Pods Frameworks */ = {
			isa = PBXShellScriptBuildPhase;
			buildActionMask = 2147483647;
			files = (
			);
			inputFileListPaths = (
				"${PODS_ROOT}/Target Support Files/Pods-writivist-writivistUITests/Pods-writivist-writivistUITests-frameworks-${CONFIGURATION}-input-files.xcfilelist",
			);
			name = "[CP] Embed Pods Frameworks";
			outputFileListPaths = (
				"${PODS_ROOT}/Target Support Files/Pods-writivist-writivistUITests/Pods-writivist-writivistUITests-frameworks-${CONFIGURATION}-output-files.xcfilelist",
			);
			runOnlyForDeploymentPostprocessing = 0;
			shellPath = /bin/sh;
			shellScript = "\"${PODS_ROOT}/Target Support Files/Pods-writivist-writivistUITests/Pods-writivist-writivistUITests-frameworks.sh\"\n";
			showEnvVarsInLog = 0;
		};
		CA011810D32A0CCE93F5C247 /* [CP] Check Pods Manifest.lock */ = {
			isa = PBXShellScriptBuildPhase;
			buildActionMask = 2147483647;
			files = (
			);
			inputFileListPaths = (
			);
			inputPaths = (
				"${PODS_PODFILE_DIR_PATH}/Podfile.lock",
				"${PODS_ROOT}/Manifest.lock",
			);
			name = "[CP] Check Pods Manifest.lock";
			outputFileListPaths = (
			);
			outputPaths = (
				"$(DERIVED_FILE_DIR)/Pods-writivist-writivistUITests-checkManifestLockResult.txt",
			);
			runOnlyForDeploymentPostprocessing = 0;
			shellPath = /bin/sh;
			shellScript = "diff \"${PODS_PODFILE_DIR_PATH}/Podfile.lock\" \"${PODS_ROOT}/Manifest.lock\" > /dev/null\nif [ $? != 0 ] ; then\n    # print error to STDERR\n    echo \"error: The sandbox is not in sync with the Podfile.lock. Run 'pod install' or update your CocoaPods installation.\" >&2\n    exit 1\nfi\n# This output is used by Xcode 'outputs' to avoid re-running this script phase.\necho \"SUCCESS\" > \"${SCRIPT_OUTPUT_FILE_0}\"\n";
			showEnvVarsInLog = 0;
		};
		F324A7EC4F46A3AF2A14360D /* [CP] Copy Pods Resources */ = {
			isa = PBXShellScriptBuildPhase;
			buildActionMask = 2147483647;
			files = (
			);
			inputFileListPaths = (
				"${PODS_ROOT}/Target Support Files/Pods-writivist-writivistUITests/Pods-writivist-writivistUITests-resources-${CONFIGURATION}-input-files.xcfilelist",
			);
			name = "[CP] Copy Pods Resources";
			outputFileListPaths = (
				"${PODS_ROOT}/Target Support Files/Pods-writivist-writivistUITests/Pods-writivist-writivistUITests-resources-${CONFIGURATION}-output-files.xcfilelist",
			);
			runOnlyForDeploymentPostprocessing = 0;
			shellPath = /bin/sh;
			shellScript = "\"${PODS_ROOT}/Target Support Files/Pods-writivist-writivistUITests/Pods-writivist-writivistUITests-resources.sh\"\n";
			showEnvVarsInLog = 0;
		};
/* End PBXShellScriptBuildPhase section */

/* Begin PBXSourcesBuildPhase section */
		4BCB1DA924BCAF6300BAE96E /* Sources */ = {
			isa = PBXSourcesBuildPhase;
			buildActionMask = 2147483647;
			files = (
				4B6D8C9324C131460042EDC7 /* MyTemplateCell.m in Sources */,
				4B1CC18024BE89DD007F9A52 /* TemplateLibraryViewController.m in Sources */,
				4B83BAEA24D8707800A2E005 /* SavedViewController.m in Sources */,
				4B83BAE624D3AB2900A2E005 /* SpinerLayer.m in Sources */,
				4B1489AC24C65E9300269C7E /* EditProfileViewController.m in Sources */,
				4BCD151B24C7A2BE00B831A4 /* SectionTapper.m in Sources */,
				4B83BAC124D0F61600A2E005 /* PrintViewController.m in Sources */,
				4BCD152224C7C34A00B831A4 /* InfiniteScrollActivityView.m in Sources */,
				4B09E3A824BF92710021F076 /* TemplateCell.m in Sources */,
				4B6D8C9624C202390042EDC7 /* MapViewController.m in Sources */,
				4BCD9B1924C1062500E1BCBD /* ProfileViewController.m in Sources */,
				4B09E3AB24C01CA70021F076 /* PreviewViewController.m in Sources */,
				4B7CB08524BCC03700AC26DF /* LoginViewController.m in Sources */,
				4B6D8C9924C61AD70042EDC7 /* MapContentViewController.m in Sources */,
				4B1CC17724BE4DB7007F9A52 /* Template.m in Sources */,
				4B1CC17A24BE4E68007F9A52 /* User.m in Sources */,
				4B7C582624D88AEF005E1460 /* PopupViewController.m in Sources */,
				4B7C582924D89EBC005E1460 /* Report.m in Sources */,
				4B83BAE324D3AB2900A2E005 /* HyLoglnButton.m in Sources */,
				4BCD152524C8C41300B831A4 /* SuggestedCell.m in Sources */,
				4BEA8B2324BCFBC30041A6C9 /* Representative.m in Sources */,
				4BCB1DB224BCAF6300BAE96E /* AppDelegate.m in Sources */,
				4BEA8B2024BCF4EE0041A6C9 /* RepresentativeCell.m in Sources */,
				4B83BAE724D3AB2900A2E005 /* HySpinerLayer.m in Sources */,
				4BCD151F24C7A3F100B831A4 /* CategoryViewController.m in Sources */,
				4B83BAE424D3AB2900A2E005 /* HyLoginButton.m in Sources */,
				4B1CC17D24BE5783007F9A52 /* SignUpViewController.m in Sources */,
				4B83BAE524D3AB2900A2E005 /* HyTransitions.m in Sources */,
				4BCB1DC324BCAF6500BAE96E /* main.m in Sources */,
				4BD44FDD24BCD94200BEE897 /* HomeViewController.m in Sources */,
				4B6D8C9C24C6344C0042EDC7 /* MapContentCell.m in Sources */,
				4B09E3A324BF7BA10021F076 /* ComposeViewController.m in Sources */,
				4B1CC18324BEA71E007F9A52 /* CategoryRow.m in Sources */,
				4BCB1DB524BCAF6300BAE96E /* SceneDelegate.m in Sources */,
			);
			runOnlyForDeploymentPostprocessing = 0;
		};
		4BCB1DC424BCAF6500BAE96E /* Sources */ = {
			isa = PBXSourcesBuildPhase;
			buildActionMask = 2147483647;
			files = (
				4BCB1DCD24BCAF6500BAE96E /* writivistTests.m in Sources */,
			);
			runOnlyForDeploymentPostprocessing = 0;
		};
		4BCB1DCF24BCAF6500BAE96E /* Sources */ = {
			isa = PBXSourcesBuildPhase;
			buildActionMask = 2147483647;
			files = (
				4BCB1DD824BCAF6500BAE96E /* writivistUITests.m in Sources */,
			);
			runOnlyForDeploymentPostprocessing = 0;
		};
/* End PBXSourcesBuildPhase section */

/* Begin PBXTargetDependency section */
		4BCB1DCA24BCAF6500BAE96E /* PBXTargetDependency */ = {
			isa = PBXTargetDependency;
			target = 4BCB1DAC24BCAF6300BAE96E /* writivist */;
			targetProxy = 4BCB1DC924BCAF6500BAE96E /* PBXContainerItemProxy */;
		};
		4BCB1DD524BCAF6500BAE96E /* PBXTargetDependency */ = {
			isa = PBXTargetDependency;
			target = 4BCB1DAC24BCAF6300BAE96E /* writivist */;
			targetProxy = 4BCB1DD424BCAF6500BAE96E /* PBXContainerItemProxy */;
		};
/* End PBXTargetDependency section */

/* Begin PBXVariantGroup section */
		4BCB1DB924BCAF6300BAE96E /* Main.storyboard */ = {
			isa = PBXVariantGroup;
			children = (
				4BCB1DBA24BCAF6300BAE96E /* Base */,
			);
			name = Main.storyboard;
			sourceTree = "<group>";
		};
		4BCB1DBE24BCAF6500BAE96E /* LaunchScreen.storyboard */ = {
			isa = PBXVariantGroup;
			children = (
				4BCB1DBF24BCAF6500BAE96E /* Base */,
			);
			name = LaunchScreen.storyboard;
			sourceTree = "<group>";
		};
/* End PBXVariantGroup section */

/* Begin XCBuildConfiguration section */
		4BCB1DDA24BCAF6500BAE96E /* Debug */ = {
			isa = XCBuildConfiguration;
			buildSettings = {
				ALWAYS_SEARCH_USER_PATHS = NO;
				CLANG_ANALYZER_NONNULL = YES;
				CLANG_ANALYZER_NUMBER_OBJECT_CONVERSION = YES_AGGRESSIVE;
				CLANG_CXX_LANGUAGE_STANDARD = "gnu++14";
				CLANG_CXX_LIBRARY = "libc++";
				CLANG_ENABLE_MODULES = YES;
				CLANG_ENABLE_OBJC_ARC = YES;
				CLANG_ENABLE_OBJC_WEAK = YES;
				CLANG_WARN_BLOCK_CAPTURE_AUTORELEASING = YES;
				CLANG_WARN_BOOL_CONVERSION = YES;
				CLANG_WARN_COMMA = YES;
				CLANG_WARN_CONSTANT_CONVERSION = YES;
				CLANG_WARN_DEPRECATED_OBJC_IMPLEMENTATIONS = YES;
				CLANG_WARN_DIRECT_OBJC_ISA_USAGE = YES_ERROR;
				CLANG_WARN_DOCUMENTATION_COMMENTS = YES;
				CLANG_WARN_EMPTY_BODY = YES;
				CLANG_WARN_ENUM_CONVERSION = YES;
				CLANG_WARN_INFINITE_RECURSION = YES;
				CLANG_WARN_INT_CONVERSION = YES;
				CLANG_WARN_NON_LITERAL_NULL_CONVERSION = YES;
				CLANG_WARN_OBJC_IMPLICIT_RETAIN_SELF = YES;
				CLANG_WARN_OBJC_LITERAL_CONVERSION = YES;
				CLANG_WARN_OBJC_ROOT_CLASS = YES_ERROR;
				CLANG_WARN_RANGE_LOOP_ANALYSIS = YES;
				CLANG_WARN_STRICT_PROTOTYPES = YES;
				CLANG_WARN_SUSPICIOUS_MOVE = YES;
				CLANG_WARN_UNGUARDED_AVAILABILITY = YES_AGGRESSIVE;
				CLANG_WARN_UNREACHABLE_CODE = YES;
				CLANG_WARN__DUPLICATE_METHOD_MATCH = YES;
				COPY_PHASE_STRIP = NO;
				DEBUG_INFORMATION_FORMAT = dwarf;
				ENABLE_STRICT_OBJC_MSGSEND = YES;
				ENABLE_TESTABILITY = YES;
				GCC_C_LANGUAGE_STANDARD = gnu11;
				GCC_DYNAMIC_NO_PIC = NO;
				GCC_NO_COMMON_BLOCKS = YES;
				GCC_OPTIMIZATION_LEVEL = 0;
				GCC_PREPROCESSOR_DEFINITIONS = (
					"DEBUG=1",
					"$(inherited)",
				);
				GCC_WARN_64_TO_32_BIT_CONVERSION = YES;
				GCC_WARN_ABOUT_RETURN_TYPE = YES_ERROR;
				GCC_WARN_UNDECLARED_SELECTOR = YES;
				GCC_WARN_UNINITIALIZED_AUTOS = YES_AGGRESSIVE;
				GCC_WARN_UNUSED_FUNCTION = YES;
				GCC_WARN_UNUSED_VARIABLE = YES;
				IPHONEOS_DEPLOYMENT_TARGET = 13.5;
				MTL_ENABLE_DEBUG_INFO = INCLUDE_SOURCE;
				MTL_FAST_MATH = YES;
				ONLY_ACTIVE_ARCH = YES;
				SDKROOT = iphoneos;
			};
			name = Debug;
		};
		4BCB1DDB24BCAF6500BAE96E /* Release */ = {
			isa = XCBuildConfiguration;
			buildSettings = {
				ALWAYS_SEARCH_USER_PATHS = NO;
				CLANG_ANALYZER_NONNULL = YES;
				CLANG_ANALYZER_NUMBER_OBJECT_CONVERSION = YES_AGGRESSIVE;
				CLANG_CXX_LANGUAGE_STANDARD = "gnu++14";
				CLANG_CXX_LIBRARY = "libc++";
				CLANG_ENABLE_MODULES = YES;
				CLANG_ENABLE_OBJC_ARC = YES;
				CLANG_ENABLE_OBJC_WEAK = YES;
				CLANG_WARN_BLOCK_CAPTURE_AUTORELEASING = YES;
				CLANG_WARN_BOOL_CONVERSION = YES;
				CLANG_WARN_COMMA = YES;
				CLANG_WARN_CONSTANT_CONVERSION = YES;
				CLANG_WARN_DEPRECATED_OBJC_IMPLEMENTATIONS = YES;
				CLANG_WARN_DIRECT_OBJC_ISA_USAGE = YES_ERROR;
				CLANG_WARN_DOCUMENTATION_COMMENTS = YES;
				CLANG_WARN_EMPTY_BODY = YES;
				CLANG_WARN_ENUM_CONVERSION = YES;
				CLANG_WARN_INFINITE_RECURSION = YES;
				CLANG_WARN_INT_CONVERSION = YES;
				CLANG_WARN_NON_LITERAL_NULL_CONVERSION = YES;
				CLANG_WARN_OBJC_IMPLICIT_RETAIN_SELF = YES;
				CLANG_WARN_OBJC_LITERAL_CONVERSION = YES;
				CLANG_WARN_OBJC_ROOT_CLASS = YES_ERROR;
				CLANG_WARN_RANGE_LOOP_ANALYSIS = YES;
				CLANG_WARN_STRICT_PROTOTYPES = YES;
				CLANG_WARN_SUSPICIOUS_MOVE = YES;
				CLANG_WARN_UNGUARDED_AVAILABILITY = YES_AGGRESSIVE;
				CLANG_WARN_UNREACHABLE_CODE = YES;
				CLANG_WARN__DUPLICATE_METHOD_MATCH = YES;
				COPY_PHASE_STRIP = NO;
				DEBUG_INFORMATION_FORMAT = "dwarf-with-dsym";
				ENABLE_NS_ASSERTIONS = NO;
				ENABLE_STRICT_OBJC_MSGSEND = YES;
				GCC_C_LANGUAGE_STANDARD = gnu11;
				GCC_NO_COMMON_BLOCKS = YES;
				GCC_WARN_64_TO_32_BIT_CONVERSION = YES;
				GCC_WARN_ABOUT_RETURN_TYPE = YES_ERROR;
				GCC_WARN_UNDECLARED_SELECTOR = YES;
				GCC_WARN_UNINITIALIZED_AUTOS = YES_AGGRESSIVE;
				GCC_WARN_UNUSED_FUNCTION = YES;
				GCC_WARN_UNUSED_VARIABLE = YES;
				IPHONEOS_DEPLOYMENT_TARGET = 13.5;
				MTL_ENABLE_DEBUG_INFO = NO;
				MTL_FAST_MATH = YES;
				SDKROOT = iphoneos;
				VALIDATE_PRODUCT = YES;
			};
			name = Release;
		};
		4BCB1DDD24BCAF6500BAE96E /* Debug */ = {
			isa = XCBuildConfiguration;
			baseConfigurationReference = 7CCD6A33788E9111712F6970 /* Pods-writivist.debug.xcconfig */;
			buildSettings = {
				ASSETCATALOG_COMPILER_APPICON_NAME = AppIcon;
				CODE_SIGN_STYLE = Automatic;
				DEVELOPMENT_TEAM = R59J689FUY;
				INFOPLIST_FILE = writivist/Info.plist;
				LD_RUNPATH_SEARCH_PATHS = (
					"$(inherited)",
					"@executable_path/Frameworks",
				);
				PRODUCT_BUNDLE_IDENTIFIER = com.dkaviani.writivist;
				PRODUCT_NAME = "$(TARGET_NAME)";
				TARGETED_DEVICE_FAMILY = "1,2";
			};
			name = Debug;
		};
		4BCB1DDE24BCAF6500BAE96E /* Release */ = {
			isa = XCBuildConfiguration;
			baseConfigurationReference = 702DB8F2C526BC7BDE4D1703 /* Pods-writivist.release.xcconfig */;
			buildSettings = {
				ASSETCATALOG_COMPILER_APPICON_NAME = AppIcon;
				CODE_SIGN_STYLE = Automatic;
				DEVELOPMENT_TEAM = R59J689FUY;
				INFOPLIST_FILE = writivist/Info.plist;
				LD_RUNPATH_SEARCH_PATHS = (
					"$(inherited)",
					"@executable_path/Frameworks",
				);
				PRODUCT_BUNDLE_IDENTIFIER = com.dkaviani.writivist;
				PRODUCT_NAME = "$(TARGET_NAME)";
				TARGETED_DEVICE_FAMILY = "1,2";
			};
			name = Release;
		};
		4BCB1DE024BCAF6500BAE96E /* Debug */ = {
			isa = XCBuildConfiguration;
			baseConfigurationReference = 091CD5D0013341656E444C88 /* Pods-writivistTests.debug.xcconfig */;
			buildSettings = {
				BUNDLE_LOADER = "$(TEST_HOST)";
				CODE_SIGN_STYLE = Automatic;
				INFOPLIST_FILE = writivistTests/Info.plist;
				IPHONEOS_DEPLOYMENT_TARGET = 13.5;
				LD_RUNPATH_SEARCH_PATHS = (
					"$(inherited)",
					"@executable_path/Frameworks",
					"@loader_path/Frameworks",
				);
				PRODUCT_BUNDLE_IDENTIFIER = com.dkaviani.writivistTests;
				PRODUCT_NAME = "$(TARGET_NAME)";
				TARGETED_DEVICE_FAMILY = "1,2";
				TEST_HOST = "$(BUILT_PRODUCTS_DIR)/writivist.app/writivist";
			};
			name = Debug;
		};
		4BCB1DE124BCAF6500BAE96E /* Release */ = {
			isa = XCBuildConfiguration;
			baseConfigurationReference = 65817863549E4707641D708E /* Pods-writivistTests.release.xcconfig */;
			buildSettings = {
				BUNDLE_LOADER = "$(TEST_HOST)";
				CODE_SIGN_STYLE = Automatic;
				INFOPLIST_FILE = writivistTests/Info.plist;
				IPHONEOS_DEPLOYMENT_TARGET = 13.5;
				LD_RUNPATH_SEARCH_PATHS = (
					"$(inherited)",
					"@executable_path/Frameworks",
					"@loader_path/Frameworks",
				);
				PRODUCT_BUNDLE_IDENTIFIER = com.dkaviani.writivistTests;
				PRODUCT_NAME = "$(TARGET_NAME)";
				TARGETED_DEVICE_FAMILY = "1,2";
				TEST_HOST = "$(BUILT_PRODUCTS_DIR)/writivist.app/writivist";
			};
			name = Release;
		};
		4BCB1DE324BCAF6500BAE96E /* Debug */ = {
			isa = XCBuildConfiguration;
			baseConfigurationReference = A6F0C52145996FEDA5D90959 /* Pods-writivist-writivistUITests.debug.xcconfig */;
			buildSettings = {
				CODE_SIGN_STYLE = Automatic;
				INFOPLIST_FILE = writivistUITests/Info.plist;
				LD_RUNPATH_SEARCH_PATHS = (
					"$(inherited)",
					"@executable_path/Frameworks",
					"@loader_path/Frameworks",
				);
				PRODUCT_BUNDLE_IDENTIFIER = com.dkaviani.writivistUITests;
				PRODUCT_NAME = "$(TARGET_NAME)";
				TARGETED_DEVICE_FAMILY = "1,2";
				TEST_TARGET_NAME = writivist;
			};
			name = Debug;
		};
		4BCB1DE424BCAF6500BAE96E /* Release */ = {
			isa = XCBuildConfiguration;
			baseConfigurationReference = D2AB7332DDC0D77115189EC1 /* Pods-writivist-writivistUITests.release.xcconfig */;
			buildSettings = {
				CODE_SIGN_STYLE = Automatic;
				INFOPLIST_FILE = writivistUITests/Info.plist;
				LD_RUNPATH_SEARCH_PATHS = (
					"$(inherited)",
					"@executable_path/Frameworks",
					"@loader_path/Frameworks",
				);
				PRODUCT_BUNDLE_IDENTIFIER = com.dkaviani.writivistUITests;
				PRODUCT_NAME = "$(TARGET_NAME)";
				TARGETED_DEVICE_FAMILY = "1,2";
				TEST_TARGET_NAME = writivist;
			};
			name = Release;
		};
/* End XCBuildConfiguration section */

/* Begin XCConfigurationList section */
		4BCB1DA824BCAF6300BAE96E /* Build configuration list for PBXProject "writivist" */ = {
			isa = XCConfigurationList;
			buildConfigurations = (
				4BCB1DDA24BCAF6500BAE96E /* Debug */,
				4BCB1DDB24BCAF6500BAE96E /* Release */,
			);
			defaultConfigurationIsVisible = 0;
			defaultConfigurationName = Release;
		};
		4BCB1DDC24BCAF6500BAE96E /* Build configuration list for PBXNativeTarget "writivist" */ = {
			isa = XCConfigurationList;
			buildConfigurations = (
				4BCB1DDD24BCAF6500BAE96E /* Debug */,
				4BCB1DDE24BCAF6500BAE96E /* Release */,
			);
			defaultConfigurationIsVisible = 0;
			defaultConfigurationName = Release;
		};
		4BCB1DDF24BCAF6500BAE96E /* Build configuration list for PBXNativeTarget "writivistTests" */ = {
			isa = XCConfigurationList;
			buildConfigurations = (
				4BCB1DE024BCAF6500BAE96E /* Debug */,
				4BCB1DE124BCAF6500BAE96E /* Release */,
			);
			defaultConfigurationIsVisible = 0;
			defaultConfigurationName = Release;
		};
		4BCB1DE224BCAF6500BAE96E /* Build configuration list for PBXNativeTarget "writivistUITests" */ = {
			isa = XCConfigurationList;
			buildConfigurations = (
				4BCB1DE324BCAF6500BAE96E /* Debug */,
				4BCB1DE424BCAF6500BAE96E /* Release */,
			);
			defaultConfigurationIsVisible = 0;
			defaultConfigurationName = Release;
		};
/* End XCConfigurationList section */
	};
	rootObject = 4BCB1DA524BCAF6300BAE96E /* Project object */;
}
